
Microsoft Visual Studio Solution File, Format Version 12.00
# Visual Studio 2012
Project("{FAE04EC0-301F-11D3-BF4B-00C04F79EFBC}") = "iverson-sigma", "iverson-sigma.csproj", "{E069C1B6-FAA0-4AFE-8AD6-5D8AD6A5BD5A}"
EndProject
Global
	GlobalSection(SolutionConfigurationPlatforms) = preSolution
		Debug|Any CPU = Debug|Any CPU
		Release|Any CPU = Release|Any CPU
	EndGlobalSection
	GlobalSection(ProjectConfigurationPlatforms) = postSolution
		{E069C1B6-FAA0-4AFE-8AD6-5D8AD6A5BD5A}.Debug|Any CPU.ActiveCfg = Debug|Any CPU
		{E069C1B6-FAA0-4AFE-8AD6-5D8AD6A5BD5A}.Debug|Any CPU.Build.0 = Debug|Any CPU
		{E069C1B6-FAA0-4AFE-8AD6-5D8AD6A5BD5A}.Release|Any CPU.ActiveCfg = Release|Any CPU
		{E069C1B6-FAA0-4AFE-8AD6-5D8AD6A5BD5A}.Release|Any CPU.Build.0 = Release|Any CPU
	EndGlobalSection
	GlobalSection(SolutionProperties) = preSolution
		HideSolutionNode = FALSE
	EndGlobalSection
EndGlobal
